// !$*UTF8*$!
{
	archiveVersion = 1;
	classes = {
	};
	objectVersion = 46;
	objects = {

/* Begin PBXBuildFile section */
		04D877061AAC76AE00E06962 /* main.m in Sources */ = {isa = PBXBuildFile; fileRef = 04D877051AAC76AE00E06962 /* main.m */; };
		04D877091AAC76AE00E06962 /* AppDelegate.m in Sources */ = {isa = PBXBuildFile; fileRef = 04D877081AAC76AE00E06962 /* AppDelegate.m */; };
		04D8770F1AAC76AE00E06962 /* Main.storyboard in Resources */ = {isa = PBXBuildFile; fileRef = 04D8770D1AAC76AE00E06962 /* Main.storyboard */; };
		04D877111AAC76AE00E06962 /* Images.xcassets in Resources */ = {isa = PBXBuildFile; fileRef = 04D877101AAC76AE00E06962 /* Images.xcassets */; };
		04D877141AAC76AE00E06962 /* LaunchScreen.xib in Resources */ = {isa = PBXBuildFile; fileRef = 04D877121AAC76AE00E06962 /* LaunchScreen.xib */; };
		04D877201AAC76AF00E06962 /* objcFESSJSONv1_0Tests.m in Sources */ = {isa = PBXBuildFile; fileRef = 04D8771F1AAC76AF00E06962 /* objcFESSJSONv1_0Tests.m */; };
		04D8772B1AAC77F300E06962 /* RootViewController.m in Sources */ = {isa = PBXBuildFile; fileRef = 04D8772A1AAC77F300E06962 /* RootViewController.m */; };
		04D8772E1AAC78C900E06962 /* ViewController.m in Sources */ = {isa = PBXBuildFile; fileRef = 04D8772D1AAC78C900E06962 /* ViewController.m */; };
/* End PBXBuildFile section */

/* Begin PBXContainerItemProxy section */
		04D8771A1AAC76AF00E06962 /* PBXContainerItemProxy */ = {
			isa = PBXContainerItemProxy;
			containerPortal = 04D876F81AAC76AE00E06962 /* Project object */;
			proxyType = 1;
			remoteGlobalIDString = 04D876FF1AAC76AE00E06962;
			remoteInfo = objcFESSJSONv1.0;
		};
/* End PBXContainerItemProxy section */

/* Begin PBXFileReference section */
		04D877001AAC76AE00E06962 /* objcFESSJSONv1.0.app */ = {isa = PBXFileReference; explicitFileType = wrapper.application; includeInIndex = 0; path = objcFESSJSONv1.0.app; sourceTree = BUILT_PRODUCTS_DIR; };
		04D877041AAC76AE00E06962 /* Info.plist */ = {isa = PBXFileReference; lastKnownFileType = text.plist.xml; path = Info.plist; sourceTree = "<group>"; };
		04D877051AAC76AE00E06962 /* main.m */ = {isa = PBXFileReference; lastKnownFileType = sourcecode.c.objc; path = main.m; sourceTree = "<group>"; };
		04D877071AAC76AE00E06962 /* AppDelegate.h */ = {isa = PBXFileReference; lastKnownFileType = sourcecode.c.h; path = AppDelegate.h; sourceTree = "<group>"; };
		04D877081AAC76AE00E06962 /* AppDelegate.m */ = {isa = PBXFileReference; lastKnownFileType = sourcecode.c.objc; path = AppDelegate.m; sourceTree = "<group>"; };
		04D8770E1AAC76AE00E06962 /* Base */ = {isa = PBXFileReference; lastKnownFileType = file.storyboard; name = Base; path = Base.lproj/Main.storyboard; sourceTree = "<group>"; };
		04D877101AAC76AE00E06962 /* Images.xcassets */ = {isa = PBXFileReference; lastKnownFileType = folder.assetcatalog; path = Images.xcassets; sourceTree = "<group>"; };
		04D877131AAC76AE00E06962 /* Base */ = {isa = PBXFileReference; lastKnownFileType = file.xib; name = Base; path = Base.lproj/LaunchScreen.xib; sourceTree = "<group>"; };
		04D877191AAC76AF00E06962 /* objcFESSJSONv1.0Tests.xctest */ = {isa = PBXFileReference; explicitFileType = wrapper.cfbundle; includeInIndex = 0; path = objcFESSJSONv1.0Tests.xctest; sourceTree = BUILT_PRODUCTS_DIR; };
		04D8771E1AAC76AF00E06962 /* Info.plist */ = {isa = PBXFileReference; lastKnownFileType = text.plist.xml; path = Info.plist; sourceTree = "<group>"; };
		04D8771F1AAC76AF00E06962 /* objcFESSJSONv1_0Tests.m */ = {isa = PBXFileReference; lastKnownFileType = sourcecode.c.objc; path = objcFESSJSONv1_0Tests.m; sourceTree = "<group>"; };
		04D877291AAC77F300E06962 /* RootViewController.h */ = {isa = PBXFileReference; fileEncoding = 4; lastKnownFileType = sourcecode.c.h; path = RootViewController.h; sourceTree = "<group>"; };
		04D8772A1AAC77F300E06962 /* RootViewController.m */ = {isa = PBXFileReference; fileEncoding = 4; lastKnownFileType = sourcecode.c.objc; path = RootViewController.m; sourceTree = "<group>"; };
		04D8772C1AAC78C900E06962 /* ViewController.h */ = {isa = PBXFileReference; fileEncoding = 4; lastKnownFileType = sourcecode.c.h; path = ViewController.h; sourceTree = "<group>"; };
		04D8772D1AAC78C900E06962 /* ViewController.m */ = {isa = PBXFileReference; fileEncoding = 4; lastKnownFileType = sourcecode.c.objc; path = ViewController.m; sourceTree = "<group>"; };
/* End PBXFileReference section */

/* Begin PBXFrameworksBuildPhase section */
		04D876FD1AAC76AE00E06962 /* Frameworks */ = {
			isa = PBXFrameworksBuildPhase;
			buildActionMask = 2147483647;
			files = (
			);
			runOnlyForDeploymentPostprocessing = 0;
		};
		04D877161AAC76AF00E06962 /* Frameworks */ = {
			isa = PBXFrameworksBuildPhase;
			buildActionMask = 2147483647;
			files = (
			);
			runOnlyForDeploymentPostprocessing = 0;
		};
/* End PBXFrameworksBuildPhase section */

/* Begin PBXGroup section */
		04D876F71AAC76AE00E06962 = {
			isa = PBXGroup;
			children = (
				04D877021AAC76AE00E06962 /* objcFESSJSONv1.0 */,
				04D8771C1AAC76AF00E06962 /* objcFESSJSONv1.0Tests */,
				04D877011AAC76AE00E06962 /* Products */,
			);
			sourceTree = "<group>";
		};
		04D877011AAC76AE00E06962 /* Products */ = {
			isa = PBXGroup;
			children = (
				04D877001AAC76AE00E06962 /* objcFESSJSONv1.0.app */,
				04D877191AAC76AF00E06962 /* objcFESSJSONv1.0Tests.xctest */,
			);
			name = Products;
			sourceTree = "<group>";
		};
		04D877021AAC76AE00E06962 /* objcFESSJSONv1.0 */ = {
			isa = PBXGroup;
			children = (
				04D877071AAC76AE00E06962 /* AppDelegate.h */,
				04D877081AAC76AE00E06962 /* AppDelegate.m */,
				04D877291AAC77F300E06962 /* RootViewController.h */,
				04D8772A1AAC77F300E06962 /* RootViewController.m */,
				04D8772C1AAC78C900E06962 /* ViewController.h */,
				04D8772D1AAC78C900E06962 /* ViewController.m */,
				04D8770D1AAC76AE00E06962 /* Main.storyboard */,
				04D877101AAC76AE00E06962 /* Images.xcassets */,
				04D877121AAC76AE00E06962 /* LaunchScreen.xib */,
				04D877031AAC76AE00E06962 /* Supporting Files */,
			);
			path = objcFESSJSONv1.0;
			sourceTree = "<group>";
		};
		04D877031AAC76AE00E06962 /* Supporting Files */ = {
			isa = PBXGroup;
			children = (
				04D877041AAC76AE00E06962 /* Info.plist */,
				04D877051AAC76AE00E06962 /* main.m */,
			);
			name = "Supporting Files";
			sourceTree = "<group>";
		};
		04D8771C1AAC76AF00E06962 /* objcFESSJSONv1.0Tests */ = {
			isa = PBXGroup;
			children = (
				04D8771F1AAC76AF00E06962 /* objcFESSJSONv1_0Tests.m */,
				04D8771D1AAC76AF00E06962 /* Supporting Files */,
			);
			path = objcFESSJSONv1.0Tests;
			sourceTree = "<group>";
		};
		04D8771D1AAC76AF00E06962 /* Supporting Files */ = {
			isa = PBXGroup;
			children = (
				04D8771E1AAC76AF00E06962 /* Info.plist */,
			);
			name = "Supporting Files";
			sourceTree = "<group>";
		};
/* End PBXGroup section */

/* Begin PBXNativeTarget section */
		04D876FF1AAC76AE00E06962 /* objcFESSJSONv1.0 */ = {
			isa = PBXNativeTarget;
			buildConfigurationList = 04D877231AAC76AF00E06962 /* Build configuration list for PBXNativeTarget "objcFESSJSONv1.0" */;
			buildPhases = (
				04D876FC1AAC76AE00E06962 /* Sources */,
				04D876FD1AAC76AE00E06962 /* Frameworks */,
				04D876FE1AAC76AE00E06962 /* Resources */,
			);
			buildRules = (
			);
			dependencies = (
			);
			name = objcFESSJSONv1.0;
			productName = objcFESSJSONv1.0;
			productReference = 04D877001AAC76AE00E06962 /* objcFESSJSONv1.0.app */;
			productType = "com.apple.product-type.application";
		};
		04D877181AAC76AF00E06962 /* objcFESSJSONv1.0Tests */ = {
			isa = PBXNativeTarget;
			buildConfigurationList = 04D877261AAC76AF00E06962 /* Build configuration list for PBXNativeTarget "objcFESSJSONv1.0Tests" */;
			buildPhases = (
				04D877151AAC76AF00E06962 /* Sources */,
				04D877161AAC76AF00E06962 /* Frameworks */,
				04D877171AAC76AF00E06962 /* Resources */,
			);
			buildRules = (
			);
			dependencies = (
				04D8771B1AAC76AF00E06962 /* PBXTargetDependency */,
			);
			name = objcFESSJSONv1.0Tests;
			productName = objcFESSJSONv1.0Tests;
			productReference = 04D877191AAC76AF00E06962 /* objcFESSJSONv1.0Tests.xctest */;
			productType = "com.apple.product-type.bundle.unit-test";
		};
/* End PBXNativeTarget section */

/* Begin PBXProject section */
		04D876F81AAC76AE00E06962 /* Project object */ = {
			isa = PBXProject;
			attributes = {
				LastUpgradeCheck = 0610;
				ORGANIZATIONNAME = macbook;
				TargetAttributes = {
					04D876FF1AAC76AE00E06962 = {
						CreatedOnToolsVersion = 6.1.1;
					};
					04D877181AAC76AF00E06962 = {
						CreatedOnToolsVersion = 6.1.1;
						TestTargetID = 04D876FF1AAC76AE00E06962;
					};
				};
			};
			buildConfigurationList = 04D876FB1AAC76AE00E06962 /* Build configuration list for PBXProject "objcFESSJSONv1.0" */;
			compatibilityVersion = "Xcode 3.2";
			developmentRegion = English;
			hasScannedForEncodings = 0;
			knownRegions = (
				en,
				Base,
			);
			mainGroup = 04D876F71AAC76AE00E06962;
			productRefGroup = 04D877011AAC76AE00E06962 /* Products */;
			projectDirPath = "";
			projectRoot = "";
			targets = (
				04D876FF1AAC76AE00E06962 /* objcFESSJSONv1.0 */,
				04D877181AAC76AF00E06962 /* objcFESSJSONv1.0Tests */,
			);
		};
/* End PBXProject section */

/* Begin PBXResourcesBuildPhase section */
		04D876FE1AAC76AE00E06962 /* Resources */ = {
			isa = PBXResourcesBuildPhase;
			buildActionMask = 2147483647;
			files = (
				04D8770F1AAC76AE00E06962 /* Main.storyboard in Resources */,
				04D877141AAC76AE00E06962 /* LaunchScreen.xib in Resources */,
				04D877111AAC76AE00E06962 /* Images.xcassets in Resources */,
			);
			runOnlyForDeploymentPostprocessing = 0;
		};
		04D877171AAC76AF00E06962 /* Resources */ = {
			isa = PBXResourcesBuildPhase;
			buildActionMask = 2147483647;
			files = (
			);
			runOnlyForDeploymentPostprocessing = 0;
		};
/* End PBXResourcesBuildPhase section */

/* Begin PBXSourcesBuildPhase section */
		04D876FC1AAC76AE00E06962 /* Sources */ = {
			isa = PBXSourcesBuildPhase;
			buildActionMask = 2147483647;
			files = (
				04D877091AAC76AE00E06962 /* AppDelegate.m in Sources */,
				04D877061AAC76AE00E06962 /* main.m in Sources */,
				04D8772E1AAC78C900E06962 /* ViewController.m in Sources */,
				04D8772B1AAC77F300E06962 /* RootViewController.m in Sources */,
			);
			runOnlyForDeploymentPostprocessing = 0;
		};
		04D877151AAC76AF00E06962 /* Sources */ = {
			isa = PBXSourcesBuildPhase;
			buildActionMask = 2147483647;
			files = (
				04D877201AAC76AF00E06962 /* objcFESSJSONv1_0Tests.m in Sources */,
			);
			runOnlyForDeploymentPostprocessing = 0;
		};
/* End PBXSourcesBuildPhase section */

/* Begin PBXTargetDependency section */
		04D8771B1AAC76AF00E06962 /* PBXTargetDependency */ = {
			isa = PBXTargetDependency;
			target = 04D876FF1AAC76AE00E06962 /* objcFESSJSONv1.0 */;
			targetProxy = 04D8771A1AAC76AF00E06962 /* PBXContainerItemProxy */;
		};
/* End PBXTargetDependency section */

/* Begin PBXVariantGroup section */
		04D8770D1AAC76AE00E06962 /* Main.storyboard */ = {
			isa = PBXVariantGroup;
			children = (
				04D8770E1AAC76AE00E06962 /* Base */,
			);
			name = Main.storyboard;
			sourceTree = "<group>";
		};
		04D877121AAC76AE00E06962 /* LaunchScreen.xib */ = {
			isa = PBXVariantGroup;
			children = (
				04D877131AAC76AE00E06962 /* Base */,
			);
			name = LaunchScreen.xib;
			sourceTree = "<group>";
		};
/* End PBXVariantGroup section */

/* Begin XCBuildConfiguration section */
		04D877211AAC76AF00E06962 /* Debug */ = {
			isa = XCBuildConfiguration;
			buildSettings = {
				ALWAYS_SEARCH_USER_PATHS = NO;
				CLANG_CXX_LANGUAGE_STANDARD = "gnu++0x";
				CLANG_CXX_LIBRARY = "libc++";
				CLANG_ENABLE_MODULES = YES;
				CLANG_ENABLE_OBJC_ARC = YES;
				CLANG_WARN_BOOL_CONVERSION = YES;
				CLANG_WARN_CONSTANT_CONVERSION = YES;
				CLANG_WARN_DIRECT_OBJC_ISA_USAGE = YES_ERROR;
				CLANG_WARN_EMPTY_BODY = YES;
				CLANG_WARN_ENUM_CONVERSION = YES;
				CLANG_WARN_INT_CONVERSION = YES;
				CLANG_WARN_OBJC_ROOT_CLASS = YES_ERROR;
				CLANG_WARN_UNREACHABLE_CODE = YES;
				CLANG_WARN__DUPLICATE_METHOD_MATCH = YES;
				"CODE_SIGN_IDENTITY[sdk=iphoneos*]" = "iPhone Developer";
				COPY_PHASE_STRIP = NO;
				ENABLE_STRICT_OBJC_MSGSEND = YES;
				GCC_C_LANGUAGE_STANDARD = gnu99;
				GCC_DYNAMIC_NO_PIC = NO;
				GCC_OPTIMIZATION_LEVEL = 0;
				GCC_PREPROCESSOR_DEFINITIONS = (
					"DEBUG=1",
					"$(inherited)",
				);
				GCC_SYMBOLS_PRIVATE_EXTERN = NO;
				GCC_WARN_64_TO_32_BIT_CONVERSION = YES;
				GCC_WARN_ABOUT_RETURN_TYPE = YES_ERROR;
				GCC_WARN_UNDECLARED_SELECTOR = YES;
				GCC_WARN_UNINITIALIZED_AUTOS = YES_AGGRESSIVE;
				GCC_WARN_UNUSED_FUNCTION = YES;
				GCC_WARN_UNUSED_VARIABLE = YES;
				IPHONEOS_DEPLOYMENT_TARGET = 8.1;
				MTL_ENABLE_DEBUG_INFO = YES;
				ONLY_ACTIVE_ARCH = YES;
				SDKROOT = iphoneos;
			};
			name = Debug;
		};
		04D877221AAC76AF00E06962 /* Release */ = {
			isa = XCBuildConfiguration;
			buildSettings = {
				ALWAYS_SEARCH_USER_PATHS = NO;
				CLANG_CXX_LANGUAGE_STANDARD = "gnu++0x";
				CLANG_CXX_LIBRARY = "libc++";
				CLANG_ENABLE_MODULES = YES;
				CLANG_ENABLE_OBJC_ARC = YES;
				CLANG_WARN_BOOL_CONVERSION = YES;
				CLANG_WARN_CONSTANT_CONVERSION = YES;
				CLANG_WARN_DIRECT_OBJC_ISA_USAGE = YES_ERROR;
				CLANG_WARN_EMPTY_BODY = YES;
				CLANG_WARN_ENUM_CONVERSION = YES;
				CLANG_WARN_INT_CONVERSION = YES;
				CLANG_WARN_OBJC_ROOT_CLASS = YES_ERROR;
				CLANG_WARN_UNREACHABLE_CODE = YES;
				CLANG_WARN__DUPLICATE_METHOD_MATCH = YES;
				"CODE_SIGN_IDENTITY[sdk=iphoneos*]" = "iPhone Developer";
				COPY_PHASE_STRIP = YES;
				ENABLE_NS_ASSERTIONS = NO;
				ENABLE_STRICT_OBJC_MSGSEND = YES;
				GCC_C_LANGUAGE_STANDARD = gnu99;
				GCC_WARN_64_TO_32_BIT_CONVERSION = YES;
				GCC_WARN_ABOUT_RETURN_TYPE = YES_ERROR;
				GCC_WARN_UNDECLARED_SELECTOR = YES;
				GCC_WARN_UNINITIALIZED_AUTOS = YES_AGGRESSIVE;
				GCC_WARN_UNUSED_FUNCTION = YES;
				GCC_WARN_UNUSED_VARIABLE = YES;
				IPHONEOS_DEPLOYMENT_TARGET = 8.1;
				MTL_ENABLE_DEBUG_INFO = NO;
				SDKROOT = iphoneos;
				VALIDATE_PRODUCT = YES;
			};
			name = Release;
		};
		04D877241AAC76AF00E06962 /* Debug */ = {
			isa = XCBuildConfiguration;
			buildSettings = {
				ASSETCATALOG_COMPILER_APPICON_NAME = AppIcon;
				INFOPLIST_FILE = objcFESSJSONv1.0/Info.plist;
				LD_RUNPATH_SEARCH_PATHS = "$(inherited) @executable_path/Frameworks";
				PRODUCT_NAME = "$(TARGET_NAME)";
			};
			name = Debug;
		};
		04D877251AAC76AF00E06962 /* Release */ = {
			isa = XCBuildConfiguration;
			buildSettings = {
				ASSETCATALOG_COMPILER_APPICON_NAME = AppIcon;
				INFOPLIST_FILE = objcFESSJSONv1.0/Info.plist;
				LD_RUNPATH_SEARCH_PATHS = "$(inherited) @executable_path/Frameworks";
				PRODUCT_NAME = "$(TARGET_NAME)";
			};
			name = Release;
		};
		04D877271AAC76AF00E06962 /* Debug */ = {
			isa = XCBuildConfiguration;
			buildSettings = {
				BUNDLE_LOADER = "$(TEST_HOST)";
				FRAMEWORK_SEARCH_PATHS = (
					"$(SDKROOT)/Developer/Library/Frameworks",
					"$(inherited)",
				);
				GCC_PREPROCESSOR_DEFINITIONS = (
					"DEBUG=1",
					"$(inherited)",
				);
				INFOPLIST_FILE = objcFESSJSONv1.0Tests/Info.plist;
				LD_RUNPATH_SEARCH_PATHS = "$(inherited) @executable_path/Frameworks @loader_path/Frameworks";
				PRODUCT_NAME = "$(TARGET_NAME)";
				TEST_HOST = "$(BUILT_PRODUCTS_DIR)/objcFESSJSONv1.0.app/objcFESSJSONv1.0";
			};
			name = Debug;
		};
		04D877281AAC76AF00E06962 /* Release */ = {
			isa = XCBuildConfiguration;
			buildSettings = {
				BUNDLE_LOADER = "$(TEST_HOST)";
				FRAMEWORK_SEARCH_PATHS = (
					"$(SDKROOT)/Developer/Library/Frameworks",
					"$(inherited)",
				);
				INFOPLIST_FILE = objcFESSJSONv1.0Tests/Info.plist;
				LD_RUNPATH_SEARCH_PATHS = "$(inherited) @executable_path/Frameworks @loader_path/Frameworks";
				PRODUCT_NAME = "$(TARGET_NAME)";
				TEST_HOST = "$(BUILT_PRODUCTS_DIR)/objcFESSJSONv1.0.app/objcFESSJSONv1.0";
			};
			name = Release;
		};
/* End XCBuildConfiguration section */

/* Begin XCConfigurationList section */
		04D876FB1AAC76AE00E06962 /* Build configuration list for PBXProject "objcFESSJSONv1.0" */ = {
			isa = XCConfigurationList;
			buildConfigurations = (
				04D877211AAC76AF00E06962 /* Debug */,
				04D877221AAC76AF00E06962 /* Release */,
			);
			defaultConfigurationIsVisible = 0;
			defaultConfigurationName = Release;
		};
		04D877231AAC76AF00E06962 /* Build configuration list for PBXNativeTarget "objcFESSJSONv1.0" */ = {
			isa = XCConfigurationList;
			buildConfigurations = (
				04D877241AAC76AF00E06962 /* Debug */,
				04D877251AAC76AF00E06962 /* Release */,
			);
			defaultConfigurationIsVisible = 0;
		};
		04D877261AAC76AF00E06962 /* Build configuration list for PBXNativeTarget "objcFESSJSONv1.0Tests" */ = {
			isa = XCConfigurationList;
			buildConfigurations = (
				04D877271AAC76AF00E06962 /* Debug */,
				04D877281AAC76AF00E06962 /* Release */,
			);
			defaultConfigurationIsVisible = 0;
		};
/* End XCConfigurationList section */
	};
	rootObject = 04D876F81AAC76AE00E06962 /* Project object */;
}
